{
  "requires": true,
  "lockfileVersion": 1,
  "dependencies": {
    "@angular/cdk": {
      "version": "10.0.0",
      "resolved": "https://registry.npmjs.org/@angular/cdk/-/cdk-10.0.0.tgz",
      "integrity": "sha512-Ug4Cj2ioxEzsm7co6sLGnPa1LINbeKdN/IeCCwZiSDFp555O8TLEwcCVqQz8KKbo/YLfaWOcvGRSrlxEhyAM/A==",
      "requires": {
        "parse5": "^5.0.0",
        "tslib": "^2.0.0"
      }
    },
    "@angular/material": {
      "version": "10.0.0",
      "resolved": "https://registry.npmjs.org/@angular/material/-/material-10.0.0.tgz",
      "integrity": "sha512-u8uORUlDUYo8NlyXAw7BJdkvAXZiIQuSQ58a+RVlR37CGjI07vrECj4i4Z22XOjBGykvsKj0rhq/hCPzXy/RTQ==",
      "requires": {
        "tslib": "^2.0.0"
      }
    },
    "ng-pick-datetime": {
      "version": "7.0.0",
      "resolved": "https://registry.npmjs.org/ng-pick-datetime/-/ng-pick-datetime-7.0.0.tgz",
      "integrity": "sha512-SbS+zKX6gOlYpgH8zDSx2EL32ak0Z0y1Ksu1ECP/FiwVBM2mHgbzdfyDYhMmKFB0GKn5yCwXTandR1FCQXe62w=="
    },
    "parse5": {
      "version": "5.1.1",
      "resolved": "https://registry.npmjs.org/parse5/-/parse5-5.1.1.tgz",
      "integrity": "sha512-ugq4DFI0Ptb+WWjAdOK16+u/nHfiIrcE+sh8kZMaM0WllQKLI9rOUq6c2b7cwPkXdzfQESqvoqK6ug7U/Yyzug==",
      "optional": true
    },
    "rxjs-compat": {
      "version": "6.5.5",
      "resolved": "https://registry.npmjs.org/rxjs-compat/-/rxjs-compat-6.5.5.tgz",
      "integrity": "sha512-F42sssVbUyWH4vJswEo6m+Eh02xHv3q93n8S7nUJO58R7sbc3CvJIOts605zdaBhWa1xMB9aVSyqPqhQ5q3eXg=="
    },
    "tslib": {
      "version": "2.0.0",
      "resolved": "https://registry.npmjs.org/tslib/-/tslib-2.0.0.tgz",
      "integrity": "sha512-lTqkx847PI7xEDYJntxZH89L2/aXInsyF2luSafe/+0fHOMjlBNXdH6th7f70qxLDhul7KZK0zC8V5ZIyHl0/g=="
    }
  }
}
